PODS:
  - Flutter (1.0.0)
  - gst_mobile (0.0.1):
    - Flutter

DEPENDENCIES:
  - Flutter (from `Flutter`)
  - gst_mobile (from `.symlinks/plugins/gst_mobile/ios`)

EXTERNAL SOURCES:
  Flutter:
    :path: Flutter
  gst_mobile:
    :path: ".symlinks/plugins/gst_mobile/ios"

SPEC CHECKSUMS:
  Flutter: e0871f40cf51350855a761d2e70bf5af5b9b5de7
  gst_mobile: 5062063090553055e10ee896e7d0f4a13b8d988f

PODFILE CHECKSUM: 819463e6a0290f5a72f145ba7cde16e8b6ef0796

COCOAPODS: 1.16.2
